version = 1
revision = 1
requires-python = ">=3.12"

[[package]]
name = "dailyarxiv"
version = "0.1.0"
source = { virtual = "." }
dependencies = [
    { name = "easydict" },
    { name = "feedparser" },
    { name = "pytz" },
]

[package.metadata]
requires-dist = [
    { name = "easydict", specifier = ">=1.13" },
    { name = "feedparser", specifier = ">=6.0.11" },
    { name = "pytz", specifier = ">=2025.1" },
]

[[package]]
name = "easydict"
version = "1.13"
source = { registry = "https://pypi.org/simple" }
sdist = { url = "https://files.pythonhosted.org/packages/24/9f/d18d6b5e19244788a6d09c14a8406376b4f4bfcc008e6d17a4f4c15362e8/easydict-1.13.tar.gz", hash = "sha256:b1135dedbc41c8010e2bc1f77ec9744c7faa42bce1a1c87416791449d6c87780", size = 6809 }
wheels = [
    { url = "https://files.pythonhosted.org/packages/05/ec/fa6963f1198172c2b75c9ab6ecefb3045991f92f75f5eb41b6621b198123/easydict-1.13-py3-none-any.whl", hash = "sha256:6b787daf4dcaf6377b4ad9403a5cee5a86adbc0ca9a5bcf5410e9902002aeac2", size = 6804 },
]

[[package]]
name = "feedparser"
version = "6.0.11"
source = { registry = "https://pypi.org/simple" }
dependencies = [
    { name = "sgmllib3k" },
]
sdist = { url = "https://files.pythonhosted.org/packages/ff/aa/7af346ebeb42a76bf108027fe7f3328bb4e57a3a96e53e21fd9ef9dd6dd0/feedparser-6.0.11.tar.gz", hash = "sha256:c9d0407b64c6f2a065d0ebb292c2b35c01050cc0dc33757461aaabdc4c4184d5", size = 286197 }
wheels = [
    { url = "https://files.pythonhosted.org/packages/7c/d4/8c31aad9cc18f451c49f7f9cfb5799dadffc88177f7917bc90a66459b1d7/feedparser-6.0.11-py3-none-any.whl", hash = "sha256:0be7ee7b395572b19ebeb1d6aafb0028dee11169f1c934e0ed67d54992f4ad45", size = 81343 },
]

[[package]]
name = "pytz"
version = "2025.1"
source = { registry = "https://pypi.org/simple" }
sdist = { url = "https://files.pythonhosted.org/packages/5f/57/df1c9157c8d5a05117e455d66fd7cf6dbc46974f832b1058ed4856785d8a/pytz-2025.1.tar.gz", hash = "sha256:c2db42be2a2518b28e65f9207c4d05e6ff547d1efa4086469ef855e4ab70178e", size = 319617 }
wheels = [
    { url = "https://files.pythonhosted.org/packages/eb/38/ac33370d784287baa1c3d538978b5e2ea064d4c1b93ffbd12826c190dd10/pytz-2025.1-py2.py3-none-any.whl", hash = "sha256:89dd22dca55b46eac6eda23b2d72721bf1bdfef212645d81513ef5d03038de57", size = 507930 },
]

[[package]]
name = "sgmllib3k"
version = "1.0.0"
source = { registry = "https://pypi.org/simple" }
sdist = { url = "https://files.pythonhosted.org/packages/9e/bd/3704a8c3e0942d711c1299ebf7b9091930adae6675d7c8f476a7ce48653c/sgmllib3k-1.0.0.tar.gz", hash = "sha256:7868fb1c8bfa764c1ac563d3cf369c381d1325d36124933a726f29fcdaa812e9", size = 5750 }
